# @generated by Move, please check-in and do not edit manually.

[move]
version = 3
manifest_digest = "AA3DB7888DF3E41139CD8AC43C08FFDCF3D95A0293E124BE106C7B20D40C7D30"
deps_digest = "3C4103934B1E040BB6B23F1D610B4EF9F2F1166A50A104EADCF77467C004C600"
dependencies = [
  { id = "Sui", name = "Sui" },
  { id = "pumplend", name = "pumplend" },
]

[[move.package]]
id = "MoveStdlib"
source = { git = "https://github.com/MystenLabs/sui.git", rev = "framework/testnet", subdir = "crates/sui-framework/packages/move-stdlib" }

[[move.package]]
id = "Sui"
source = { git = "https://github.com/MystenLabs/sui.git", rev = "framework/testnet", subdir = "crates/sui-framework/packages/sui-framework" }

dependencies = [
  { id = "MoveStdlib", name = "MoveStdlib" },
]

[[move.package]]
id = "pumplend"
source = { local = "../pumplend" }

dependencies = [
  { id = "Sui", name = "Sui" },
]
