# @generated by Move, please check-in and do not edit manually.

[move]
version = 3
manifest_digest = "18B2B66E7C4D993685E2E646F80AD646FCB9DA186C76838A0F73057E4A92B0C9"
deps_digest = "3C4103934B1E040BB6B23F1D610B4EF9F2F1166A50A104EADCF77467C004C600"
dependencies = [
  { id = "Sui", name = "Sui" },
  { id = "Walrus", name = "Walrus" },
]

[[move.package]]
id = "MoveStdlib"
source = { git = "https://github.com/MystenLabs/sui.git", rev = "testnet-v1.35.0", subdir = "crates/sui-framework/packages/move-stdlib" }

[[move.package]]
id = "Sui"
source = { git = "https://github.com/MystenLabs/sui.git", rev = "testnet-v1.35.0", subdir = "crates/sui-framework/packages/sui-framework" }

dependencies = [
  { id = "MoveStdlib", name = "MoveStdlib" },
]

[[move.package]]
id = "WAL"
source = { local = "walrus-docs/contracts/wal" }

dependencies = [
  { id = "Sui", name = "Sui" },
]

[[move.package]]
id = "WAL_exchange"
source = { local = "walrus-docs/contracts/wal_exchange" }

dependencies = [
  { id = "Sui", name = "Sui" },
  { id = "WAL", name = "WAL" },
]

[[move.package]]
id = "Walrus"
source = { local = "walrus-docs/contracts/walrus" }

dependencies = [
  { id = "Sui", name = "Sui" },
  { id = "WAL", name = "WAL" },
  { id = "WAL_exchange", name = "WAL_exchange" },
]

[move.toolchain-version]
compiler-version = "1.39.0"
edition = "2024.beta"
flavor = "sui"

[env]

[env.test]
chain-id = "4c78adac"
original-published-id = "0x0aefed8383f9414ff436498c5ef3525431c0ae0d331470c4689c5e9f45073d0e"
latest-published-id = "0x0aefed8383f9414ff436498c5ef3525431c0ae0d331470c4689c5e9f45073d0e"
published-version = "1"
