# @generated by Move, please check-in and do not edit manually.

[move]
version = 3
manifest_digest = "F038605380D254314F264AD4134FB53B94DE0510FB0EEFC6577551CE5242C32B"
deps_digest = "F8BBB0CCB2491CA29A3DF03D6F92277A4F3574266507ACD77214D37ECA3F3082"
dependencies = [
  { id = "Sui", name = "Sui" },
]

[[move.package]]
id = "MoveStdlib"
source = { git = "https://github.com/MystenLabs/sui.git", rev = "mainnet-v1.35.1", subdir = "crates/sui-framework/packages/move-stdlib" }

[[move.package]]
id = "Sui"
source = { git = "https://github.com/MystenLabs/sui.git", rev = "mainnet-v1.35.1", subdir = "crates/sui-framework/packages/sui-framework" }

dependencies = [
  { id = "MoveStdlib", name = "MoveStdlib" },
]

[move.toolchain-version]
compiler-version = "1.37.1"
edition = "2024.beta"
flavor = "sui"

[env]

[env.testnet]
chain-id = "4c78adac"
original-published-id = "0xeb547a1424ba3cf82350939aa65c2fc4de5b8cb906560b83f8278be4790ee495"
latest-published-id = "0xeb547a1424ba3cf82350939aa65c2fc4de5b8cb906560b83f8278be4790ee495"
published-version = "1"
