# @generated by Move, please check-in and do not edit manually.

[move]
version = 3
manifest_digest = "830096CFB0D8A9B3DC9A18EF8ACA6A80FDAEF892DD6DBBB5DE42333EE16665F4"
deps_digest = "F8BBB0CCB2491CA29A3DF03D6F92277A4F3574266507ACD77214D37ECA3F3082"
dependencies = [
  { id = "MoveStdlib", name = "MoveStdlib" },
]

[[move.package]]
id = "MoveStdlib"
source = { git = "https://github.com/MystenLabs/sui.git", rev = "framework/testnet", subdir = "crates/sui-framework/packages/move-stdlib" }

[move.toolchain-version]
compiler-version = "1.37.1"
edition = "2024.beta"
flavor = "sui"

[env]

[env.testnet]
chain-id = "4c78adac"
original-published-id = "0x80b4cf88c88071642a12cc59b6c214ce3cbe20b040cc6c4e24880b7974fea3e6"
latest-published-id = "0x80b4cf88c88071642a12cc59b6c214ce3cbe20b040cc6c4e24880b7974fea3e6"
published-version = "1"
