# @generated by Move, please check-in and do not edit manually.

[move]
version = 3
manifest_digest = "B5D305EE93FC960354E13BFB342352073F1CCD98C882AF7CDBF59A537DA6EEF7"
deps_digest = "F8BBB0CCB2491CA29A3DF03D6F92277A4F3574266507ACD77214D37ECA3F3082"
dependencies = [
  { id = "Sui", name = "Sui" },
]

[[move.package]]
id = "MoveStdlib"
source = { git = "https://github.com/MystenLabs/sui.git", rev = "framework/testnet", subdir = "crates\\sui-framework\\packages\\move-stdlib" }

[[move.package]]
id = "Sui"
source = { git = "https://github.com/MystenLabs/sui.git", rev = "framework/testnet", subdir = "crates/sui-framework/packages/sui-framework" }

dependencies = [
  { id = "MoveStdlib", name = "MoveStdlib" },
]

[move.toolchain-version]
compiler-version = "1.37.1"
edition = "2024.beta"
flavor = "sui"

[env]

[env.testnet]
chain-id = "4c78adac"
original-published-id = "0x6a5885aa29ad65a8c6bc0a1bd2e51cba435ca0818d24f97739c602395c670ffb"
latest-published-id = "0x6a5885aa29ad65a8c6bc0a1bd2e51cba435ca0818d24f97739c602395c670ffb"
published-version = "1"
