# @generated by Move, please check-in and do not edit manually.

[move]
version = 3
manifest_digest = "C5FEA0269DFD46C1A403E6C7BFA105ECBDA4C041B9F0B22C9395FEBAB5243875"
deps_digest = "3C4103934B1E040BB6B23F1D610B4EF9F2F1166A50A104EADCF77467C004C600"
dependencies = [
  { id = "Kiosk", name = "Kiosk" },
  { id = "Sui", name = "Sui" },
]

[[move.package]]
id = "Kiosk"
source = { git = "https://github.com/MystenLabs/apps.git", rev = "testnet", subdir = "kiosk" }

dependencies = [
  { id = "Sui", name = "Sui" },
]

[[move.package]]
id = "MoveStdlib"
source = { git = "https://github.com/MystenLabs/sui.git", rev = "testnet", subdir = "crates\\sui-framework\\packages\\move-stdlib" }

[[move.package]]
id = "Sui"
source = { git = "https://github.com/MystenLabs/sui.git", rev = "testnet", subdir = "crates/sui-framework/packages/sui-framework" }

dependencies = [
  { id = "MoveStdlib", name = "MoveStdlib" },
]

[move.toolchain-version]
compiler-version = "1.39.0"
edition = "2024.beta"
flavor = "sui"

[env]

[env.testnet]
chain-id = "4c78adac"
original-published-id = "0x7deeb05979219961a4b02d7a4c8552b2b122db6209a43ddac306d0a8024835e1"
latest-published-id = "0x7deeb05979219961a4b02d7a4c8552b2b122db6209a43ddac306d0a8024835e1"
published-version = "1"
