# @generated by Move, please check-in and do not edit manually.

[move]
version = 3
manifest_digest = "FA10E647E202A7A5EDD2B4F9CAC95A0AE874F02F30CFAD078955DD19F8B81190"
deps_digest = "F8BBB0CCB2491CA29A3DF03D6F92277A4F3574266507ACD77214D37ECA3F3082"
dependencies = [
  { id = "Sui", name = "Sui" },
]

[[move.package]]
id = "MoveStdlib"
source = { git = "https://github.com/MystenLabs/sui.git", rev = "mainnet-v1.35.1", subdir = "crates/sui-framework/packages/move-stdlib" }

[[move.package]]
id = "Sui"
source = { git = "https://github.com/MystenLabs/sui.git", rev = "mainnet-v1.35.1", subdir = "crates/sui-framework/packages/sui-framework" }

dependencies = [
  { id = "MoveStdlib", name = "MoveStdlib" },
]

[move.toolchain-version]
compiler-version = "1.37.1"
edition = "2024.beta"
flavor = "sui"

[env]

[env.suiscan-testnet]
chain-id = "4c78adac"
original-published-id = "0x74ed9560ca1c3dac1c9b7db8b080d40cdc87bf4963b1148d77f34efb9d9d54ca"
latest-published-id = "0x74ed9560ca1c3dac1c9b7db8b080d40cdc87bf4963b1148d77f34efb9d9d54ca"
published-version = "1"
