# @generated by Move, please check-in and do not edit manually.

[move]
version = 3
manifest_digest = "E2557E1FF072710E38379D34475B81BBBF90AF528FD2A854631D1557D9580D42"
deps_digest = "F8BBB0CCB2491CA29A3DF03D6F92277A4F3574266507ACD77214D37ECA3F3082"
dependencies = [
  { id = "ScallopProtocol", name = "ScallopProtocol" },
]

[[move.package]]
id = "CoinDecimalsRegistry"
source = { git = "https://github.com/scallop-io/sui-lending-protocol.git", rev = "main", subdir = "contracts/libs/coin_decimals_registry" }

dependencies = [
  { id = "Sui", name = "Sui" },
]

[[move.package]]
id = "Math"
source = { git = "https://github.com/scallop-io/sui-lending-protocol.git", rev = "main", subdir = "contracts/libs/math" }

dependencies = [
  { id = "Sui", name = "Sui" },
]

[[move.package]]
id = "MoveStdlib"
source = { git = "https://github.com/MystenLabs/sui.git", rev = "mainnet", subdir = "crates/sui-framework/packages/move-stdlib" }

[[move.package]]
id = "ScallopProtocol"
source = { git = "https://github.com/scallop-io/sui-lending-protocol.git", rev = "main", subdir = "contracts/protocol" }

dependencies = [
  { id = "CoinDecimalsRegistry", name = "CoinDecimalsRegistry" },
  { id = "Math", name = "Math" },
  { id = "Sui", name = "Sui" },
  { id = "Whitelist", name = "Whitelist" },
  { id = "X", name = "X" },
  { id = "XOracle", name = "XOracle" },
]

[[move.package]]
id = "Sui"
source = { git = "https://github.com/MystenLabs/sui.git", rev = "mainnet", subdir = "crates/sui-framework/packages/sui-framework" }

dependencies = [
  { id = "MoveStdlib", name = "MoveStdlib" },
]

[[move.package]]
id = "Whitelist"
source = { git = "https://github.com/scallop-io/sui-lending-protocol.git", rev = "main", subdir = "contracts/libs/whitelist" }

dependencies = [
  { id = "Sui", name = "Sui" },
]

[[move.package]]
id = "X"
source = { git = "https://github.com/scallop-io/sui-lending-protocol.git", rev = "main", subdir = "contracts/libs/x" }

dependencies = [
  { id = "Sui", name = "Sui" },
]

[[move.package]]
id = "XOracle"
source = { git = "https://github.com/scallop-io/sui-lending-protocol.git", rev = "main", subdir = "contracts/sui_x_oracle/x_oracle" }

dependencies = [
  { id = "Sui", name = "Sui" },
]

[move.toolchain-version]
compiler-version = "1.39.1"
edition = "2024.beta"
flavor = "sui"

[env]

[env.mainnet]
chain-id = "35834a8a"
original-published-id = "0xc2b402278770049435fc0550a6f2204eaaa34b460524b6bd54a395585dfadb35"
latest-published-id = "0xc2b402278770049435fc0550a6f2204eaaa34b460524b6bd54a395585dfadb35"
published-version = "1"
