# @generated by Move, please check-in and do not edit manually.

[move]
version = 3
manifest_digest = "71A0E1A5DE0857FC2E764BF9C334619BB7A0099F771C2AD9A8653B7DFFD5B075"
deps_digest = "3C4103934B1E040BB6B23F1D610B4EF9F2F1166A50A104EADCF77467C004C600"
dependencies = [
  { id = "Sui", name = "Sui" },
  { id = "qualification", name = "qualification" },
]

[[move.package]]
id = "MoveStdlib"
source = { git = "https://github.com/MystenLabs/sui.git", rev = "framework/mainnet", subdir = "crates/sui-framework/packages/move-stdlib" }

[[move.package]]
id = "Sui"
source = { git = "https://github.com/MystenLabs/sui.git", rev = "framework/mainnet", subdir = "crates/sui-framework/packages/sui-framework" }

dependencies = [
  { id = "MoveStdlib", name = "MoveStdlib" },
]

[[move.package]]
id = "qualification"
source = { local = "../qualification" }

dependencies = [
  { id = "Sui", name = "Sui" },
]

[move.toolchain-version]
compiler-version = "1.37.1"
edition = "2024.beta"
flavor = "sui"

[env]

[env.mainnet]
chain-id = "35834a8a"
original-published-id = "0x5288956e80169697c8ce0e268bb6361963d69b2bc5041857d8427772baee1bbb"
latest-published-id = "0x5288956e80169697c8ce0e268bb6361963d69b2bc5041857d8427772baee1bbb"
published-version = "1"
